
Microsoft Visual Studio Solution File, Format Version 12.00
# Visual Studio 15
VisualStudioVersion = 15.0.27703.2026
MinimumVisualStudioVersion = 10.0.40219.1
Project("{FAE04EC0-301F-11D3-BF4B-00C04F79EFBC}") = "SMBDemo", "SMBDemo.csproj", "{B08FE16B-8FE4-4A0E-B4CF-7C14E213B6DF}"
EndProject
Global
	GlobalSection(SolutionConfigurationPlatforms) = preSolution
		Debug|Any CPU = Debug|Any CPU
		Release|Any CPU = Release|Any CPU
	EndGlobalSection
	GlobalSection(ProjectConfigurationPlatforms) = postSolution
		{B08FE16B-8FE4-4A0E-B4CF-7C14E213B6DF}.Debug|Any CPU.ActiveCfg = Debug|Any CPU
		{B08FE16B-8FE4-4A0E-B4CF-7C14E213B6DF}.Debug|Any CPU.Build.0 = Debug|Any CPU
		{B08FE16B-8FE4-4A0E-B4CF-7C14E213B6DF}.Release|Any CPU.ActiveCfg = Release|Any CPU
		{B08FE16B-8FE4-4A0E-B4CF-7C14E213B6DF}.Release|Any CPU.Build.0 = Release|Any CPU
	EndGlobalSection
	GlobalSection(SolutionProperties) = preSolution
		HideSolutionNode = FALSE
	EndGlobalSection
	GlobalSection(ExtensibilityGlobals) = postSolution
		SolutionGuid = {10FA10EF-3F47-441E-8519-6EE8EA3B7C48}
	EndGlobalSection
EndGlobal
